
Microsoft Visual Studio Solution File, Format Version 12.00
# Visual Studio Version 17
VisualStudioVersion = 17.5.002.0
MinimumVisualStudioVersion = 10.0.40219.1
Project("{9A19103F-16F7-4668-BE54-9A1E7A4F7556}") = "FirstBlazor", "FirstBlazor.csproj", "{0E73F185-7A9E-48C9-B7B1-200877EE0FBE}"
EndProject
Global
	GlobalSection(SolutionConfigurationPlatforms) = preSolution
		Debug|Any CPU = Debug|Any CPU
		Release|Any CPU = Release|Any CPU
	EndGlobalSection
	GlobalSection(ProjectConfigurationPlatforms) = postSolution
		{0E73F185-7A9E-48C9-B7B1-200877EE0FBE}.Debug|Any CPU.ActiveCfg = Debug|Any CPU
		{0E73F185-7A9E-48C9-B7B1-200877EE0FBE}.Debug|Any CPU.Build.0 = Debug|Any CPU
		{0E73F185-7A9E-48C9-B7B1-200877EE0FBE}.Release|Any CPU.ActiveCfg = Release|Any CPU
		{0E73F185-7A9E-48C9-B7B1-200877EE0FBE}.Release|Any CPU.Build.0 = Release|Any CPU
	EndGlobalSection
	GlobalSection(SolutionProperties) = preSolution
		HideSolutionNode = FALSE
	EndGlobalSection
	GlobalSection(ExtensibilityGlobals) = postSolution
		SolutionGuid = {D437E2F3-489E-4EA7-8C73-EC20F9D0AB96}
	EndGlobalSection
EndGlobal
